
Microsoft Visual Studio Solution File, Format Version 12.00
# Visual Studio Version 16
VisualStudioVersion = 16.0.31702.278
MinimumVisualStudioVersion = 10.0.40219.1
Project("{FAE04EC0-301F-11D3-BF4B-00C04F79EFBC}") = "PMU1", "PMU1\PMU1.csproj", "{C8CFCA2F-AF93-4CDF-AB81-C1F962EFC5D0}"
EndProject
Global
	GlobalSection(SolutionConfigurationPlatforms) = preSolution
		Debug|Any CPU = Debug|Any CPU
		Release|Any CPU = Release|Any CPU
	EndGlobalSection
	GlobalSection(ProjectConfigurationPlatforms) = postSolution
		{C8CFCA2F-AF93-4CDF-AB81-C1F962EFC5D0}.Debug|Any CPU.ActiveCfg = Debug|Any CPU
		{C8CFCA2F-AF93-4CDF-AB81-C1F962EFC5D0}.Debug|Any CPU.Build.0 = Debug|Any CPU
		{C8CFCA2F-AF93-4CDF-AB81-C1F962EFC5D0}.Release|Any CPU.ActiveCfg = Release|Any CPU
		{C8CFCA2F-AF93-4CDF-AB81-C1F962EFC5D0}.Release|Any CPU.Build.0 = Release|Any CPU
	EndGlobalSection
	GlobalSection(SolutionProperties) = preSolution
		HideSolutionNode = FALSE
	EndGlobalSection
	GlobalSection(ExtensibilityGlobals) = postSolution
		SolutionGuid = {E01E7241-9F01-4DAB-BB94-803E9087DF4C}
	EndGlobalSection
EndGlobal
